
Microsoft Visual Studio Solution File, Format Version 12.00
# Visual Studio Version 16
VisualStudioVersion = 16.0.30406.217
MinimumVisualStudioVersion = 10.0.40219.1
Project("{FAE04EC0-301F-11D3-BF4B-00C04F79EFBC}") = "Homework 3", "Homework 3\Homework 3.csproj", "{7FDCF1B5-A4BF-4727-8F37-D56F1B8F36BB}"
EndProject
Global
	GlobalSection(SolutionConfigurationPlatforms) = preSolution
		Debug|Any CPU = Debug|Any CPU
		Release|Any CPU = Release|Any CPU
	EndGlobalSection
	GlobalSection(ProjectConfigurationPlatforms) = postSolution
		{7FDCF1B5-A4BF-4727-8F37-D56F1B8F36BB}.Debug|Any CPU.ActiveCfg = Debug|Any CPU
		{7FDCF1B5-A4BF-4727-8F37-D56F1B8F36BB}.Debug|Any CPU.Build.0 = Debug|Any CPU
		{7FDCF1B5-A4BF-4727-8F37-D56F1B8F36BB}.Release|Any CPU.ActiveCfg = Release|Any CPU
		{7FDCF1B5-A4BF-4727-8F37-D56F1B8F36BB}.Release|Any CPU.Build.0 = Release|Any CPU
	EndGlobalSection
	GlobalSection(SolutionProperties) = preSolution
		HideSolutionNode = FALSE
	EndGlobalSection
	GlobalSection(ExtensibilityGlobals) = postSolution
		SolutionGuid = {731A17F4-B627-4597-934D-3D98FB0FFE3C}
	EndGlobalSection
EndGlobal
