
Microsoft Visual Studio Solution File, Format Version 12.00
# Visual Studio Version 16
VisualStudioVersion = 16.0.30406.217
MinimumVisualStudioVersion = 10.0.40219.1
Project("{FAE04EC0-301F-11D3-BF4B-00C04F79EFBC}") = "ZIl-Homework2.1", "ZIl-Homework2.1\ZIl-Homework2.1.csproj", "{E185CD23-D4F0-4C1B-B261-E7300D046E46}"
EndProject
Project("{FAE04EC0-301F-11D3-BF4B-00C04F79EFBC}") = "ZIl-Homework2.3", "ZIl-Homework2.3\ZIl-Homework2.3.csproj", "{0DA6AE63-4090-45F9-97BF-FC65CE09BE45}"
EndProject
Project("{FAE04EC0-301F-11D3-BF4B-00C04F79EFBC}") = "Homework 4.2", "Homework 4.2\Homework 4.2.csproj", "{A70E9F59-900C-4E4A-9E81-22C0E4A64148}"
EndProject
Project("{FAE04EC0-301F-11D3-BF4B-00C04F79EFBC}") = "Homeork4.1", "Homeork4.1\Homeork4.1.csproj", "{55836E96-6DC2-49B3-9F68-9BCAE982B4AB}"
EndProject
Project("{FAE04EC0-301F-11D3-BF4B-00C04F79EFBC}") = "Homework4.3", "Homework4.3\Homework4.3.csproj", "{513CCC4E-4E5D-4A9C-AB10-4B13AFE16418}"
EndProject
Project("{FAE04EC0-301F-11D3-BF4B-00C04F79EFBC}") = "Homework5.1", "Homework5.1\Homework5.1.csproj", "{DA612BEB-2FFA-4A78-B06B-BF41497CFC18}"
EndProject
Project("{FAE04EC0-301F-11D3-BF4B-00C04F79EFBC}") = "Homework5.2", "Homework5.2\Homework5.2.csproj", "{747E6B90-7416-4023-BD00-A364C56DBA9C}"
EndProject
Project("{FAE04EC0-301F-11D3-BF4B-00C04F79EFBC}") = "Homework5.3", "Homework5.3\Homework5.3.csproj", "{6CF5A204-A168-42EB-BBC2-B655BEAFADB4}"
EndProject
Project("{FAE04EC0-301F-11D3-BF4B-00C04F79EFBC}") = "Homework 5.4", "Homework 5.4\Homework 5.4.csproj", "{263D3015-E3F0-4C6E-87A6-E10A56C3ACA5}"
EndProject
Project("{FAE04EC0-301F-11D3-BF4B-00C04F79EFBC}") = "Homework6.2", "Homework6.2\Homework6.2.csproj", "{D01D3B83-C6A6-4A34-B2DE-6234C790CF44}"
EndProject
Project("{FAE04EC0-301F-11D3-BF4B-00C04F79EFBC}") = "Homework6.4", "Homework6.3\Homework6.4.csproj", "{0EBB6E62-2C54-480F-84DE-1014100A7BF8}"
EndProject
Project("{FAE04EC0-301F-11D3-BF4B-00C04F79EFBC}") = "Homework6.3", "Homework6.4\Homework6.3.csproj", "{14066669-4309-451A-A47C-7DEFE9A8A51F}"
EndProject
Project("{FAE04EC0-301F-11D3-BF4B-00C04F79EFBC}") = "Homework6.5", "Homework6.5\Homework6.5.csproj", "{FE923D7E-5147-48B0-82D5-6213EBE183C7}"
EndProject
Project("{FAE04EC0-301F-11D3-BF4B-00C04F79EFBC}") = "Homework6.1", "Homework6.1\Homework6.1.csproj", "{6A31472B-CF1F-478F-B072-814E20A9242F}"
EndProject
Global
	GlobalSection(SolutionConfigurationPlatforms) = preSolution
		Debug|Any CPU = Debug|Any CPU
		Release|Any CPU = Release|Any CPU
	EndGlobalSection
	GlobalSection(ProjectConfigurationPlatforms) = postSolution
		{E185CD23-D4F0-4C1B-B261-E7300D046E46}.Debug|Any CPU.ActiveCfg = Debug|Any CPU
		{E185CD23-D4F0-4C1B-B261-E7300D046E46}.Debug|Any CPU.Build.0 = Debug|Any CPU
		{E185CD23-D4F0-4C1B-B261-E7300D046E46}.Release|Any CPU.ActiveCfg = Release|Any CPU
		{E185CD23-D4F0-4C1B-B261-E7300D046E46}.Release|Any CPU.Build.0 = Release|Any CPU
		{0DA6AE63-4090-45F9-97BF-FC65CE09BE45}.Debug|Any CPU.ActiveCfg = Debug|Any CPU
		{0DA6AE63-4090-45F9-97BF-FC65CE09BE45}.Debug|Any CPU.Build.0 = Debug|Any CPU
		{0DA6AE63-4090-45F9-97BF-FC65CE09BE45}.Release|Any CPU.ActiveCfg = Release|Any CPU
		{0DA6AE63-4090-45F9-97BF-FC65CE09BE45}.Release|Any CPU.Build.0 = Release|Any CPU
		{A70E9F59-900C-4E4A-9E81-22C0E4A64148}.Debug|Any CPU.ActiveCfg = Debug|Any CPU
		{A70E9F59-900C-4E4A-9E81-22C0E4A64148}.Debug|Any CPU.Build.0 = Debug|Any CPU
		{A70E9F59-900C-4E4A-9E81-22C0E4A64148}.Release|Any CPU.ActiveCfg = Release|Any CPU
		{A70E9F59-900C-4E4A-9E81-22C0E4A64148}.Release|Any CPU.Build.0 = Release|Any CPU
		{55836E96-6DC2-49B3-9F68-9BCAE982B4AB}.Debug|Any CPU.ActiveCfg = Debug|Any CPU
		{55836E96-6DC2-49B3-9F68-9BCAE982B4AB}.Debug|Any CPU.Build.0 = Debug|Any CPU
		{55836E96-6DC2-49B3-9F68-9BCAE982B4AB}.Release|Any CPU.ActiveCfg = Release|Any CPU
		{55836E96-6DC2-49B3-9F68-9BCAE982B4AB}.Release|Any CPU.Build.0 = Release|Any CPU
		{513CCC4E-4E5D-4A9C-AB10-4B13AFE16418}.Debug|Any CPU.ActiveCfg = Debug|Any CPU
		{513CCC4E-4E5D-4A9C-AB10-4B13AFE16418}.Debug|Any CPU.Build.0 = Debug|Any CPU
		{513CCC4E-4E5D-4A9C-AB10-4B13AFE16418}.Release|Any CPU.ActiveCfg = Release|Any CPU
		{513CCC4E-4E5D-4A9C-AB10-4B13AFE16418}.Release|Any CPU.Build.0 = Release|Any CPU
		{DA612BEB-2FFA-4A78-B06B-BF41497CFC18}.Debug|Any CPU.ActiveCfg = Debug|Any CPU
		{DA612BEB-2FFA-4A78-B06B-BF41497CFC18}.Debug|Any CPU.Build.0 = Debug|Any CPU
		{DA612BEB-2FFA-4A78-B06B-BF41497CFC18}.Release|Any CPU.ActiveCfg = Release|Any CPU
		{DA612BEB-2FFA-4A78-B06B-BF41497CFC18}.Release|Any CPU.Build.0 = Release|Any CPU
		{747E6B90-7416-4023-BD00-A364C56DBA9C}.Debug|Any CPU.ActiveCfg = Debug|Any CPU
		{747E6B90-7416-4023-BD00-A364C56DBA9C}.Debug|Any CPU.Build.0 = Debug|Any CPU
		{747E6B90-7416-4023-BD00-A364C56DBA9C}.Release|Any CPU.ActiveCfg = Release|Any CPU
		{747E6B90-7416-4023-BD00-A364C56DBA9C}.Release|Any CPU.Build.0 = Release|Any CPU
		{6CF5A204-A168-42EB-BBC2-B655BEAFADB4}.Debug|Any CPU.ActiveCfg = Debug|Any CPU
		{6CF5A204-A168-42EB-BBC2-B655BEAFADB4}.Debug|Any CPU.Build.0 = Debug|Any CPU
		{6CF5A204-A168-42EB-BBC2-B655BEAFADB4}.Release|Any CPU.ActiveCfg = Release|Any CPU
		{6CF5A204-A168-42EB-BBC2-B655BEAFADB4}.Release|Any CPU.Build.0 = Release|Any CPU
		{263D3015-E3F0-4C6E-87A6-E10A56C3ACA5}.Debug|Any CPU.ActiveCfg = Debug|Any CPU
		{263D3015-E3F0-4C6E-87A6-E10A56C3ACA5}.Debug|Any CPU.Build.0 = Debug|Any CPU
		{263D3015-E3F0-4C6E-87A6-E10A56C3ACA5}.Release|Any CPU.ActiveCfg = Release|Any CPU
		{263D3015-E3F0-4C6E-87A6-E10A56C3ACA5}.Release|Any CPU.Build.0 = Release|Any CPU
		{D01D3B83-C6A6-4A34-B2DE-6234C790CF44}.Debug|Any CPU.ActiveCfg = Debug|Any CPU
		{D01D3B83-C6A6-4A34-B2DE-6234C790CF44}.Debug|Any CPU.Build.0 = Debug|Any CPU
		{D01D3B83-C6A6-4A34-B2DE-6234C790CF44}.Release|Any CPU.ActiveCfg = Release|Any CPU
		{D01D3B83-C6A6-4A34-B2DE-6234C790CF44}.Release|Any CPU.Build.0 = Release|Any CPU
		{0EBB6E62-2C54-480F-84DE-1014100A7BF8}.Debug|Any CPU.ActiveCfg = Debug|Any CPU
		{0EBB6E62-2C54-480F-84DE-1014100A7BF8}.Debug|Any CPU.Build.0 = Debug|Any CPU
		{0EBB6E62-2C54-480F-84DE-1014100A7BF8}.Release|Any CPU.ActiveCfg = Release|Any CPU
		{0EBB6E62-2C54-480F-84DE-1014100A7BF8}.Release|Any CPU.Build.0 = Release|Any CPU
		{14066669-4309-451A-A47C-7DEFE9A8A51F}.Debug|Any CPU.ActiveCfg = Debug|Any CPU
		{14066669-4309-451A-A47C-7DEFE9A8A51F}.Debug|Any CPU.Build.0 = Debug|Any CPU
		{14066669-4309-451A-A47C-7DEFE9A8A51F}.Release|Any CPU.ActiveCfg = Release|Any CPU
		{14066669-4309-451A-A47C-7DEFE9A8A51F}.Release|Any CPU.Build.0 = Release|Any CPU
		{FE923D7E-5147-48B0-82D5-6213EBE183C7}.Debug|Any CPU.ActiveCfg = Debug|Any CPU
		{FE923D7E-5147-48B0-82D5-6213EBE183C7}.Debug|Any CPU.Build.0 = Debug|Any CPU
		{FE923D7E-5147-48B0-82D5-6213EBE183C7}.Release|Any CPU.ActiveCfg = Release|Any CPU
		{FE923D7E-5147-48B0-82D5-6213EBE183C7}.Release|Any CPU.Build.0 = Release|Any CPU
		{6A31472B-CF1F-478F-B072-814E20A9242F}.Debug|Any CPU.ActiveCfg = Debug|Any CPU
		{6A31472B-CF1F-478F-B072-814E20A9242F}.Debug|Any CPU.Build.0 = Debug|Any CPU
		{6A31472B-CF1F-478F-B072-814E20A9242F}.Release|Any CPU.ActiveCfg = Release|Any CPU
		{6A31472B-CF1F-478F-B072-814E20A9242F}.Release|Any CPU.Build.0 = Release|Any CPU
	EndGlobalSection
	GlobalSection(SolutionProperties) = preSolution
		HideSolutionNode = FALSE
	EndGlobalSection
	GlobalSection(ExtensibilityGlobals) = postSolution
		SolutionGuid = {0CA163EA-856A-4214-9029-01527155D28F}
	EndGlobalSection
EndGlobal
